
Microsoft Visual Studio Solution File, Format Version 12.00
# Visual Studio Version 16
VisualStudioVersion = 16.0.31019.35
MinimumVisualStudioVersion = 10.0.40219.1
Project("{FAE04EC0-301F-11D3-BF4B-00C04F79EFBC}") = "LibreriaOnline", "LibreriaOnline.csproj", "{97221A8D-65D9-4E2F-BD37-9305855AF2FA}"
EndProject
Project("{FAE04EC0-301F-11D3-BF4B-00C04F79EFBC}") = "LibreriaClases", "LibreriaClases\LibreriaClases.csproj", "{D7449DD8-AF5B-418F-8A70-AC744A350A0B}"
EndProject
Global
	GlobalSection(SolutionConfigurationPlatforms) = preSolution
		Debug|Any CPU = Debug|Any CPU
		Release|Any CPU = Release|Any CPU
	EndGlobalSection
	GlobalSection(ProjectConfigurationPlatforms) = postSolution
		{97221A8D-65D9-4E2F-BD37-9305855AF2FA}.Debug|Any CPU.ActiveCfg = Debug|Any CPU
		{97221A8D-65D9-4E2F-BD37-9305855AF2FA}.Debug|Any CPU.Build.0 = Debug|Any CPU
		{97221A8D-65D9-4E2F-BD37-9305855AF2FA}.Release|Any CPU.ActiveCfg = Release|Any CPU
		{97221A8D-65D9-4E2F-BD37-9305855AF2FA}.Release|Any CPU.Build.0 = Release|Any CPU
		{D7449DD8-AF5B-418F-8A70-AC744A350A0B}.Debug|Any CPU.ActiveCfg = Debug|Any CPU
		{D7449DD8-AF5B-418F-8A70-AC744A350A0B}.Debug|Any CPU.Build.0 = Debug|Any CPU
		{D7449DD8-AF5B-418F-8A70-AC744A350A0B}.Release|Any CPU.ActiveCfg = Release|Any CPU
		{D7449DD8-AF5B-418F-8A70-AC744A350A0B}.Release|Any CPU.Build.0 = Release|Any CPU
	EndGlobalSection
	GlobalSection(SolutionProperties) = preSolution
		HideSolutionNode = FALSE
	EndGlobalSection
	GlobalSection(ExtensibilityGlobals) = postSolution
		SolutionGuid = {A771C77F-25EA-4E89-90D1-48FD4B058FF2}
	EndGlobalSection
EndGlobal
